
Microsoft Visual Studio Solution File, Format Version 12.00
# Visual Studio Version 17
VisualStudioVersion = 17.9.34723.18
MinimumVisualStudioVersion = 10.0.40219.1
Project("{9092AA53-FB77-4645-B42D-1CCCA6BD08BD}") = "NodejsWebApp1", "NodejsWebApp1\NodejsWebApp1.njsproj", "{53FD2730-DF84-4F08-AA70-99E66F4EF0DB}"
EndProject
Global
	GlobalSection(SolutionConfigurationPlatforms) = preSolution
		Debug|Any CPU = Debug|Any CPU
		Release|Any CPU = Release|Any CPU
	EndGlobalSection
	GlobalSection(ProjectConfigurationPlatforms) = postSolution
		{53FD2730-DF84-4F08-AA70-99E66F4EF0DB}.Debug|Any CPU.ActiveCfg = Debug|Any CPU
		{53FD2730-DF84-4F08-AA70-99E66F4EF0DB}.Debug|Any CPU.Build.0 = Debug|Any CPU
		{53FD2730-DF84-4F08-AA70-99E66F4EF0DB}.Release|Any CPU.ActiveCfg = Release|Any CPU
		{53FD2730-DF84-4F08-AA70-99E66F4EF0DB}.Release|Any CPU.Build.0 = Release|Any CPU
	EndGlobalSection
	GlobalSection(SolutionProperties) = preSolution
		HideSolutionNode = FALSE
	EndGlobalSection
	GlobalSection(ExtensibilityGlobals) = postSolution
		SolutionGuid = {7E428AC7-3E46-48C6-B88D-E965D55E88EB}
	EndGlobalSection
EndGlobal
